// !$*UTF8*$!
{
	archiveVersion = 1;
	classes = {
	};
	objectVersion = 46;
	objects = {

/* Begin PBXBuildFile section */
		7F0113361BD6979E0094F76A /* Menus.swift in Sources */ = {isa = PBXBuildFile; fileRef = 7F0113351BD6979E0094F76A /* Menus.swift */; settings = {ASSET_TAGS = (); }; };
		7F0805F51BD044FE00E53DB7 /* CardActionType.swift in Sources */ = {isa = PBXBuildFile; fileRef = 7F0805F41BD044FE00E53DB7 /* CardActionType.swift */; settings = {ASSET_TAGS = (); }; };
		7F1916E21BCD568B005C14DB /* CardAttribute.swift in Sources */ = {isa = PBXBuildFile; fileRef = 7F1916E11BCD568B005C14DB /* CardAttribute.swift */; settings = {ASSET_TAGS = (); }; };
		7F1916E41BCDAFD4005C14DB /* JsonAble.swift in Sources */ = {isa = PBXBuildFile; fileRef = 7F1916E31BCDAFD4005C14DB /* JsonAble.swift */; settings = {ASSET_TAGS = (); }; };
		7F6DE70A1BCBF14F004DEEA7 /* CardDuration.swift in Sources */ = {isa = PBXBuildFile; fileRef = 7F6DE7091BCBF14F004DEEA7 /* CardDuration.swift */; settings = {ASSET_TAGS = (); }; };
		7F6DE70C1BCC0BA5004DEEA7 /* Label.swift in Sources */ = {isa = PBXBuildFile; fileRef = 7F6DE70B1BCC0BA5004DEEA7 /* Label.swift */; settings = {ASSET_TAGS = (); }; };
		7F6DE70E1BCC15F7004DEEA7 /* GFManager.swift in Sources */ = {isa = PBXBuildFile; fileRef = 7F6DE70D1BCC15F7004DEEA7 /* GFManager.swift */; settings = {ASSET_TAGS = (); }; };
		7F76A6C41BCC2BE70027CD6C /* CardUsage.swift in Sources */ = {isa = PBXBuildFile; fileRef = 7F76A6C31BCC2BE70027CD6C /* CardUsage.swift */; settings = {ASSET_TAGS = (); }; };
		7F76A6C61BCC2D090027CD6C /* LabelValue.swift in Sources */ = {isa = PBXBuildFile; fileRef = 7F76A6C51BCC2D090027CD6C /* LabelValue.swift */; settings = {ASSET_TAGS = (); }; };
		7F76A6CA1BCC5B6D0027CD6C /* CardAction.swift in Sources */ = {isa = PBXBuildFile; fileRef = 7F76A6C91BCC5B6D0027CD6C /* CardAction.swift */; settings = {ASSET_TAGS = (); }; };
		F0551A691BCA1798009F6F91 /* Strings.swift in Sources */ = {isa = PBXBuildFile; fileRef = F0551A681BCA1798009F6F91 /* Strings.swift */; settings = {ASSET_TAGS = (); }; };
		F0551A6D1BCA26B9009F6F91 /* json.swift in Sources */ = {isa = PBXBuildFile; fileRef = F0551A6C1BCA26B9009F6F91 /* json.swift */; settings = {ASSET_TAGS = (); }; };
		F064A1371BC9FFB200FBDFDF /* main.swift in Sources */ = {isa = PBXBuildFile; fileRef = F064A1361BC9FFB200FBDFDF /* main.swift */; };
		F064A1441BC9FFF500FBDFDF /* Card.swift in Sources */ = {isa = PBXBuildFile; fileRef = F064A13D1BC9FFF500FBDFDF /* Card.swift */; settings = {ASSET_TAGS = (); }; };
		F064A1451BC9FFF500FBDFDF /* CardTag.swift in Sources */ = {isa = PBXBuildFile; fileRef = F064A13E1BC9FFF500FBDFDF /* CardTag.swift */; settings = {ASSET_TAGS = (); }; };
		F064A1461BC9FFF500FBDFDF /* CardType.swift in Sources */ = {isa = PBXBuildFile; fileRef = F064A13F1BC9FFF500FBDFDF /* CardType.swift */; settings = {ASSET_TAGS = (); }; };
		F064A1471BC9FFF500FBDFDF /* Files.swift in Sources */ = {isa = PBXBuildFile; fileRef = F064A1401BC9FFF500FBDFDF /* Files.swift */; settings = {ASSET_TAGS = (); }; };
		F064A1481BC9FFF500FBDFDF /* Stack.swift in Sources */ = {isa = PBXBuildFile; fileRef = F064A1411BC9FFF500FBDFDF /* Stack.swift */; settings = {ASSET_TAGS = (); }; };
		F064A1491BC9FFF500FBDFDF /* StackState.swift in Sources */ = {isa = PBXBuildFile; fileRef = F064A1421BC9FFF500FBDFDF /* StackState.swift */; settings = {ASSET_TAGS = (); }; };
		F064A14A1BC9FFF500FBDFDF /* StackType.swift in Sources */ = {isa = PBXBuildFile; fileRef = F064A1431BC9FFF500FBDFDF /* StackType.swift */; settings = {ASSET_TAGS = (); }; };
		F064A1521BCA018600FBDFDF /* StreamScanner.swift in Sources */ = {isa = PBXBuildFile; fileRef = F064A1511BCA018600FBDFDF /* StreamScanner.swift */; settings = {ASSET_TAGS = (); }; };
		F064A1531BCA040B00FBDFDF /* carddata.json in CopyFiles */ = {isa = PBXBuildFile; fileRef = F064A1501BCA006000FBDFDF /* carddata.json */; };
/* End PBXBuildFile section */

/* Begin PBXCopyFilesBuildPhase section */
		F064A1311BC9FFB200FBDFDF /* CopyFiles */ = {
			isa = PBXCopyFilesBuildPhase;
			buildActionMask = 12;
			dstPath = "";
			dstSubfolderSpec = 7;
			files = (
				F064A1531BCA040B00FBDFDF /* carddata.json in CopyFiles */,
			);
			runOnlyForDeploymentPostprocessing = 0;
		};
/* End PBXCopyFilesBuildPhase section */

/* Begin PBXFileReference section */
		7F0113351BD6979E0094F76A /* Menus.swift */ = {isa = PBXFileReference; fileEncoding = 4; lastKnownFileType = sourcecode.swift; path = Menus.swift; sourceTree = "<group>"; };
		7F0805F41BD044FE00E53DB7 /* CardActionType.swift */ = {isa = PBXFileReference; fileEncoding = 4; lastKnownFileType = sourcecode.swift; path = CardActionType.swift; sourceTree = "<group>"; };
		7F1916E11BCD568B005C14DB /* CardAttribute.swift */ = {isa = PBXFileReference; fileEncoding = 4; lastKnownFileType = sourcecode.swift; path = CardAttribute.swift; sourceTree = "<group>"; };
		7F1916E31BCDAFD4005C14DB /* JsonAble.swift */ = {isa = PBXFileReference; fileEncoding = 4; lastKnownFileType = sourcecode.swift; path = JsonAble.swift; sourceTree = "<group>"; };
		7F6DE7091BCBF14F004DEEA7 /* CardDuration.swift */ = {isa = PBXFileReference; fileEncoding = 4; lastKnownFileType = sourcecode.swift; path = CardDuration.swift; sourceTree = "<group>"; };
		7F6DE70B1BCC0BA5004DEEA7 /* Label.swift */ = {isa = PBXFileReference; fileEncoding = 4; lastKnownFileType = sourcecode.swift; path = Label.swift; sourceTree = "<group>"; };
		7F6DE70D1BCC15F7004DEEA7 /* GFManager.swift */ = {isa = PBXFileReference; fileEncoding = 4; lastKnownFileType = sourcecode.swift; path = GFManager.swift; sourceTree = "<group>"; };
		7F76A6C31BCC2BE70027CD6C /* CardUsage.swift */ = {isa = PBXFileReference; fileEncoding = 4; lastKnownFileType = sourcecode.swift; path = CardUsage.swift; sourceTree = "<group>"; };
		7F76A6C51BCC2D090027CD6C /* LabelValue.swift */ = {isa = PBXFileReference; fileEncoding = 4; lastKnownFileType = sourcecode.swift; path = LabelValue.swift; sourceTree = "<group>"; };
		7F76A6C91BCC5B6D0027CD6C /* CardAction.swift */ = {isa = PBXFileReference; fileEncoding = 4; lastKnownFileType = sourcecode.swift; path = CardAction.swift; sourceTree = "<group>"; };
		F0551A681BCA1798009F6F91 /* Strings.swift */ = {isa = PBXFileReference; fileEncoding = 4; lastKnownFileType = sourcecode.swift; path = Strings.swift; sourceTree = "<group>"; };
		F0551A6C1BCA26B9009F6F91 /* json.swift */ = {isa = PBXFileReference; fileEncoding = 4; lastKnownFileType = sourcecode.swift; path = json.swift; sourceTree = "<group>"; };
		F0551A6E1BCA26E9009F6F91 /* swift-jason.md */ = {isa = PBXFileReference; fileEncoding = 4; lastKnownFileType = net.daringfireball.markdown; path = "swift-jason.md"; sourceTree = "<group>"; };
		F064A1331BC9FFB200FBDFDF /* gf */ = {isa = PBXFileReference; explicitFileType = "compiled.mach-o.executable"; includeInIndex = 0; path = gf; sourceTree = BUILT_PRODUCTS_DIR; };
		F064A1361BC9FFB200FBDFDF /* main.swift */ = {isa = PBXFileReference; lastKnownFileType = sourcecode.swift; path = main.swift; sourceTree = "<group>"; };
		F064A13D1BC9FFF500FBDFDF /* Card.swift */ = {isa = PBXFileReference; fileEncoding = 4; lastKnownFileType = sourcecode.swift; path = Card.swift; sourceTree = "<group>"; };
		F064A13E1BC9FFF500FBDFDF /* CardTag.swift */ = {isa = PBXFileReference; fileEncoding = 4; lastKnownFileType = sourcecode.swift; path = CardTag.swift; sourceTree = "<group>"; };
		F064A13F1BC9FFF500FBDFDF /* CardType.swift */ = {isa = PBXFileReference; fileEncoding = 4; lastKnownFileType = sourcecode.swift; path = CardType.swift; sourceTree = "<group>"; };
		F064A1401BC9FFF500FBDFDF /* Files.swift */ = {isa = PBXFileReference; fileEncoding = 4; lastKnownFileType = sourcecode.swift; path = Files.swift; sourceTree = "<group>"; };
		F064A1411BC9FFF500FBDFDF /* Stack.swift */ = {isa = PBXFileReference; fileEncoding = 4; lastKnownFileType = sourcecode.swift; path = Stack.swift; sourceTree = "<group>"; };
		F064A1421BC9FFF500FBDFDF /* StackState.swift */ = {isa = PBXFileReference; fileEncoding = 4; lastKnownFileType = sourcecode.swift; path = StackState.swift; sourceTree = "<group>"; };
		F064A1431BC9FFF500FBDFDF /* StackType.swift */ = {isa = PBXFileReference; fileEncoding = 4; lastKnownFileType = sourcecode.swift; path = StackType.swift; sourceTree = "<group>"; };
		F064A14D1BCA002600FBDFDF /* GF Data.xlsx */ = {isa = PBXFileReference; lastKnownFileType = file; path = "GF Data.xlsx"; sourceTree = "<group>"; };
		F064A14E1BCA002600FBDFDF /* GF Docs.txt */ = {isa = PBXFileReference; fileEncoding = 4; lastKnownFileType = text; path = "GF Docs.txt"; sourceTree = "<group>"; };
		F064A1501BCA006000FBDFDF /* carddata.json */ = {isa = PBXFileReference; fileEncoding = 4; lastKnownFileType = text.json; path = carddata.json; sourceTree = "<group>"; };
		F064A1511BCA018600FBDFDF /* StreamScanner.swift */ = {isa = PBXFileReference; fileEncoding = 4; lastKnownFileType = sourcecode.swift; path = StreamScanner.swift; sourceTree = "<group>"; };
/* End PBXFileReference section */

/* Begin PBXFrameworksBuildPhase section */
		F064A1301BC9FFB200FBDFDF /* Frameworks */ = {
			isa = PBXFrameworksBuildPhase;
			buildActionMask = 2147483647;
			files = (
			);
			runOnlyForDeploymentPostprocessing = 0;
		};
/* End PBXFrameworksBuildPhase section */

/* Begin PBXGroup section */
		7F76A6C71BCC390C0027CD6C /* cards */ = {
			isa = PBXGroup;
			children = (
				F064A13D1BC9FFF500FBDFDF /* Card.swift */,
				7F6DE7091BCBF14F004DEEA7 /* CardDuration.swift */,
				7F76A6C31BCC2BE70027CD6C /* CardUsage.swift */,
				F064A13E1BC9FFF500FBDFDF /* CardTag.swift */,
				F064A13F1BC9FFF500FBDFDF /* CardType.swift */,
				7F76A6C91BCC5B6D0027CD6C /* CardAction.swift */,
				7F1916E11BCD568B005C14DB /* CardAttribute.swift */,
				7F0805F41BD044FE00E53DB7 /* CardActionType.swift */,
			);
			name = cards;
			sourceTree = "<group>";
		};
		7F76A6C81BCC391C0027CD6C /* stacks */ = {
			isa = PBXGroup;
			children = (
				F064A1411BC9FFF500FBDFDF /* Stack.swift */,
				F064A1421BC9FFF500FBDFDF /* StackState.swift */,
				F064A1431BC9FFF500FBDFDF /* StackType.swift */,
			);
			name = stacks;
			sourceTree = "<group>";
		};
		F064A12A1BC9FFB200FBDFDF = {
			isa = PBXGroup;
			children = (
				F064A14F1BCA002C00FBDFDF /* docs */,
				F064A1351BC9FFB200FBDFDF /* gf */,
				F064A1341BC9FFB200FBDFDF /* Products */,
			);
			sourceTree = "<group>";
		};
		F064A1341BC9FFB200FBDFDF /* Products */ = {
			isa = PBXGroup;
			children = (
				F064A1331BC9FFB200FBDFDF /* gf */,
			);
			name = Products;
			sourceTree = "<group>";
		};
		F064A1351BC9FFB200FBDFDF /* gf */ = {
			isa = PBXGroup;
			children = (
				F064A14B1BCA000100FBDFDF /* models */,
				F064A14C1BCA000E00FBDFDF /* utils */,
				F064A1361BC9FFB200FBDFDF /* main.swift */,
				F064A1501BCA006000FBDFDF /* carddata.json */,
				7F6DE70D1BCC15F7004DEEA7 /* GFManager.swift */,
			);
			path = gf;
			sourceTree = "<group>";
		};
		F064A14B1BCA000100FBDFDF /* models */ = {
			isa = PBXGroup;
			children = (
				7F76A6C71BCC390C0027CD6C /* cards */,
				7F76A6C81BCC391C0027CD6C /* stacks */,
				7F6DE70B1BCC0BA5004DEEA7 /* Label.swift */,
				7F76A6C51BCC2D090027CD6C /* LabelValue.swift */,
				7F1916E31BCDAFD4005C14DB /* JsonAble.swift */,
				7F0113351BD6979E0094F76A /* Menus.swift */,
			);
			name = models;
			sourceTree = "<group>";
		};
		F064A14C1BCA000E00FBDFDF /* utils */ = {
			isa = PBXGroup;
			children = (
				F064A1401BC9FFF500FBDFDF /* Files.swift */,
				F0551A681BCA1798009F6F91 /* Strings.swift */,
				F0551A6C1BCA26B9009F6F91 /* json.swift */,
				F064A1511BCA018600FBDFDF /* StreamScanner.swift */,
			);
			name = utils;
			sourceTree = "<group>";
		};
		F064A14F1BCA002C00FBDFDF /* docs */ = {
			isa = PBXGroup;
			children = (
				F0551A6E1BCA26E9009F6F91 /* swift-jason.md */,
				F064A14D1BCA002600FBDFDF /* GF Data.xlsx */,
				F064A14E1BCA002600FBDFDF /* GF Docs.txt */,
			);
			name = docs;
			sourceTree = "<group>";
		};
/* End PBXGroup section */

/* Begin PBXNativeTarget section */
		F064A1321BC9FFB200FBDFDF /* gf */ = {
			isa = PBXNativeTarget;
			buildConfigurationList = F064A13A1BC9FFB200FBDFDF /* Build configuration list for PBXNativeTarget "gf" */;
			buildPhases = (
				F064A12F1BC9FFB200FBDFDF /* Sources */,
				F064A1301BC9FFB200FBDFDF /* Frameworks */,
				F064A1311BC9FFB200FBDFDF /* CopyFiles */,
			);
			buildRules = (
			);
			dependencies = (
			);
			name = gf;
			productName = gf;
			productReference = F064A1331BC9FFB200FBDFDF /* gf */;
			productType = "com.apple.product-type.tool";
		};
/* End PBXNativeTarget section */

/* Begin PBXProject section */
		F064A12B1BC9FFB200FBDFDF /* Project object */ = {
			isa = PBXProject;
			attributes = {
				LastUpgradeCheck = 0700;
				ORGANIZATIONNAME = "Kirk Chase";
				TargetAttributes = {
					F064A1321BC9FFB200FBDFDF = {
						CreatedOnToolsVersion = 7.0.1;
					};
				};
			};
			buildConfigurationList = F064A12E1BC9FFB200FBDFDF /* Build configuration list for PBXProject "gf" */;
			compatibilityVersion = "Xcode 3.2";
			developmentRegion = English;
			hasScannedForEncodings = 0;
			knownRegions = (
				en,
			);
			mainGroup = F064A12A1BC9FFB200FBDFDF;
			productRefGroup = F064A1341BC9FFB200FBDFDF /* Products */;
			projectDirPath = "";
			projectRoot = "";
			targets = (
				F064A1321BC9FFB200FBDFDF /* gf */,
			);
		};
/* End PBXProject section */

/* Begin PBXSourcesBuildPhase section */
		F064A12F1BC9FFB200FBDFDF /* Sources */ = {
			isa = PBXSourcesBuildPhase;
			buildActionMask = 2147483647;
			files = (
				7F6DE70C1BCC0BA5004DEEA7 /* Label.swift in Sources */,
				F0551A6D1BCA26B9009F6F91 /* json.swift in Sources */,
				7F76A6CA1BCC5B6D0027CD6C /* CardAction.swift in Sources */,
				7F1916E21BCD568B005C14DB /* CardAttribute.swift in Sources */,
				F064A1371BC9FFB200FBDFDF /* main.swift in Sources */,
				F064A1521BCA018600FBDFDF /* StreamScanner.swift in Sources */,
				F064A1461BC9FFF500FBDFDF /* CardType.swift in Sources */,
				7F76A6C41BCC2BE70027CD6C /* CardUsage.swift in Sources */,
				F064A14A1BC9FFF500FBDFDF /* StackType.swift in Sources */,
				7F0805F51BD044FE00E53DB7 /* CardActionType.swift in Sources */,
				7F6DE70A1BCBF14F004DEEA7 /* CardDuration.swift in Sources */,
				7F76A6C61BCC2D090027CD6C /* LabelValue.swift in Sources */,
				F0551A691BCA1798009F6F91 /* Strings.swift in Sources */,
				F064A1441BC9FFF500FBDFDF /* Card.swift in Sources */,
				F064A1451BC9FFF500FBDFDF /* CardTag.swift in Sources */,
				F064A1481BC9FFF500FBDFDF /* Stack.swift in Sources */,
				F064A1491BC9FFF500FBDFDF /* StackState.swift in Sources */,
				7F0113361BD6979E0094F76A /* Menus.swift in Sources */,
				7F1916E41BCDAFD4005C14DB /* JsonAble.swift in Sources */,
				F064A1471BC9FFF500FBDFDF /* Files.swift in Sources */,
				7F6DE70E1BCC15F7004DEEA7 /* GFManager.swift in Sources */,
			);
			runOnlyForDeploymentPostprocessing = 0;
		};
/* End PBXSourcesBuildPhase section */

/* Begin XCBuildConfiguration section */
		F064A1381BC9FFB200FBDFDF /* Debug */ = {
			isa = XCBuildConfiguration;
			buildSettings = {
				ALWAYS_SEARCH_USER_PATHS = NO;
				CLANG_CXX_LANGUAGE_STANDARD = "gnu++0x";
				CLANG_CXX_LIBRARY = "libc++";
				CLANG_ENABLE_MODULES = YES;
				CLANG_ENABLE_OBJC_ARC = YES;
				CLANG_WARN_BOOL_CONVERSION = YES;
				CLANG_WARN_CONSTANT_CONVERSION = YES;
				CLANG_WARN_DIRECT_OBJC_ISA_USAGE = YES_ERROR;
				CLANG_WARN_EMPTY_BODY = YES;
				CLANG_WARN_ENUM_CONVERSION = YES;
				CLANG_WARN_INT_CONVERSION = YES;
				CLANG_WARN_OBJC_ROOT_CLASS = YES_ERROR;
				CLANG_WARN_UNREACHABLE_CODE = YES;
				CLANG_WARN__DUPLICATE_METHOD_MATCH = YES;
				COPY_PHASE_STRIP = NO;
				DEBUG_INFORMATION_FORMAT = dwarf;
				ENABLE_STRICT_OBJC_MSGSEND = YES;
				ENABLE_TESTABILITY = YES;
				GCC_C_LANGUAGE_STANDARD = gnu99;
				GCC_DYNAMIC_NO_PIC = NO;
				GCC_NO_COMMON_BLOCKS = YES;
				GCC_OPTIMIZATION_LEVEL = 0;
				GCC_PREPROCESSOR_DEFINITIONS = (
					"DEBUG=1",
					"$(inherited)",
				);
				GCC_WARN_64_TO_32_BIT_CONVERSION = YES;
				GCC_WARN_ABOUT_RETURN_TYPE = YES_ERROR;
				GCC_WARN_UNDECLARED_SELECTOR = YES;
				GCC_WARN_UNINITIALIZED_AUTOS = YES_AGGRESSIVE;
				GCC_WARN_UNUSED_FUNCTION = YES;
				GCC_WARN_UNUSED_VARIABLE = YES;
				MACOSX_DEPLOYMENT_TARGET = 10.10;
				MTL_ENABLE_DEBUG_INFO = YES;
				ONLY_ACTIVE_ARCH = YES;
				SDKROOT = macosx;
				SWIFT_OPTIMIZATION_LEVEL = "-Onone";
			};
			name = Debug;
		};
		F064A1391BC9FFB200FBDFDF /* Release */ = {
			isa = XCBuildConfiguration;
			buildSettings = {
				ALWAYS_SEARCH_USER_PATHS = NO;
				CLANG_CXX_LANGUAGE_STANDARD = "gnu++0x";
				CLANG_CXX_LIBRARY = "libc++";
				CLANG_ENABLE_MODULES = YES;
				CLANG_ENABLE_OBJC_ARC = YES;
				CLANG_WARN_BOOL_CONVERSION = YES;
				CLANG_WARN_CONSTANT_CONVERSION = YES;
				CLANG_WARN_DIRECT_OBJC_ISA_USAGE = YES_ERROR;
				CLANG_WARN_EMPTY_BODY = YES;
				CLANG_WARN_ENUM_CONVERSION = YES;
				CLANG_WARN_INT_CONVERSION = YES;
				CLANG_WARN_OBJC_ROOT_CLASS = YES_ERROR;
				CLANG_WARN_UNREACHABLE_CODE = YES;
				CLANG_WARN__DUPLICATE_METHOD_MATCH = YES;
				COPY_PHASE_STRIP = NO;
				DEBUG_INFORMATION_FORMAT = "dwarf-with-dsym";
				ENABLE_NS_ASSERTIONS = NO;
				ENABLE_STRICT_OBJC_MSGSEND = YES;
				GCC_C_LANGUAGE_STANDARD = gnu99;
				GCC_NO_COMMON_BLOCKS = YES;
				GCC_WARN_64_TO_32_BIT_CONVERSION = YES;
				GCC_WARN_ABOUT_RETURN_TYPE = YES_ERROR;
				GCC_WARN_UNDECLARED_SELECTOR = YES;
				GCC_WARN_UNINITIALIZED_AUTOS = YES_AGGRESSIVE;
				GCC_WARN_UNUSED_FUNCTION = YES;
				GCC_WARN_UNUSED_VARIABLE = YES;
				MACOSX_DEPLOYMENT_TARGET = 10.10;
				MTL_ENABLE_DEBUG_INFO = NO;
				SDKROOT = macosx;
			};
			name = Release;
		};
		F064A13B1BC9FFB200FBDFDF /* Debug */ = {
			isa = XCBuildConfiguration;
			buildSettings = {
				PRODUCT_NAME = "$(TARGET_NAME)";
			};
			name = Debug;
		};
		F064A13C1BC9FFB200FBDFDF /* Release */ = {
			isa = XCBuildConfiguration;
			buildSettings = {
				PRODUCT_NAME = "$(TARGET_NAME)";
			};
			name = Release;
		};
/* End XCBuildConfiguration section */

/* Begin XCConfigurationList section */
		F064A12E1BC9FFB200FBDFDF /* Build configuration list for PBXProject "gf" */ = {
			isa = XCConfigurationList;
			buildConfigurations = (
				F064A1381BC9FFB200FBDFDF /* Debug */,
				F064A1391BC9FFB200FBDFDF /* Release */,
			);
			defaultConfigurationIsVisible = 0;
			defaultConfigurationName = Release;
		};
		F064A13A1BC9FFB200FBDFDF /* Build configuration list for PBXNativeTarget "gf" */ = {
			isa = XCConfigurationList;
			buildConfigurations = (
				F064A13B1BC9FFB200FBDFDF /* Debug */,
				F064A13C1BC9FFB200FBDFDF /* Release */,
			);
			defaultConfigurationIsVisible = 0;
			defaultConfigurationName = Release;
		};
/* End XCConfigurationList section */
	};
	rootObject = F064A12B1BC9FFB200FBDFDF /* Project object */;
}
